
Microsoft Visual Studio Solution File, Format Version 12.00
# Visual Studio Version 16
VisualStudioVersion = 16.0.29509.3
MinimumVisualStudioVersion = 10.0.40219.1
Project("{FAE04EC0-301F-11D3-BF4B-00C04F79EFBC}") = "PracticeCICD_githib", "PracticeCICD_githib.csproj", "{625FDFDE-8B42-4A91-B027-D746DF8F8D1F}"
EndProject
Global
	GlobalSection(SolutionConfigurationPlatforms) = preSolution
		Debug|Any CPU = Debug|Any CPU
		Release|Any CPU = Release|Any CPU
	EndGlobalSection
	GlobalSection(ProjectConfigurationPlatforms) = postSolution
		{625FDFDE-8B42-4A91-B027-D746DF8F8D1F}.Debug|Any CPU.ActiveCfg = Debug|Any CPU
		{625FDFDE-8B42-4A91-B027-D746DF8F8D1F}.Debug|Any CPU.Build.0 = Debug|Any CPU
		{625FDFDE-8B42-4A91-B027-D746DF8F8D1F}.Release|Any CPU.ActiveCfg = Release|Any CPU
		{625FDFDE-8B42-4A91-B027-D746DF8F8D1F}.Release|Any CPU.Build.0 = Release|Any CPU
	EndGlobalSection
	GlobalSection(SolutionProperties) = preSolution
		HideSolutionNode = FALSE
	EndGlobalSection
	GlobalSection(ExtensibilityGlobals) = postSolution
		SolutionGuid = {923CD854-85B3-483C-B6A8-5B247D324883}
	EndGlobalSection
EndGlobal
